
Microsoft Visual Studio Solution File, Format Version 12.00
# Visual Studio Version 16
VisualStudioVersion = 16.0.30717.126
MinimumVisualStudioVersion = 10.0.40219.1
Project("{8BC9CEB8-8B4A-11D0-8D11-00A0C91BC942}") = "checkerboard", "checkerboard\checkerboard.vcxproj", "{E5CC9A66-F5B7-495C-BEB4-F3478D8CF43F}"
EndProject
Project("{8BC9CEB8-8B4A-11D0-8D11-00A0C91BC942}") = "envelopes", "envelopes\envelopes.vcxproj", "{444D34CC-8AD9-4F83-952D-30642DE0251D}"
EndProject
Project("{8BC9CEB8-8B4A-11D0-8D11-00A0C91BC942}") = "triangles", "triangles\triangles.vcxproj", "{9A63A982-F289-45A8-808E-803072883B0E}"
EndProject
Project("{8BC9CEB8-8B4A-11D0-8D11-00A0C91BC942}") = "file_parser", "file_parser\file_parser.vcxproj", "{23686B51-41DA-4A95-BF6E-EC8AD7310209}"
EndProject
Project("{8BC9CEB8-8B4A-11D0-8D11-00A0C91BC942}") = "numbers", "numbers\numbers.vcxproj", "{9DA38BE3-63E9-47C4-AD42-8C015AEE4DDA}"
EndProject
Project("{8BC9CEB8-8B4A-11D0-8D11-00A0C91BC942}") = "lucky_tickets", "lucky_tickets\lucky_tickets.vcxproj", "{6A90F3E0-0349-4D51-9DAC-546C0E4D87A9}"
EndProject
Project("{8BC9CEB8-8B4A-11D0-8D11-00A0C91BC942}") = "numerical_sequence", "numerical_sequence\numerical_sequence.vcxproj", "{61570B53-0BA4-488B-896C-FF564FEF6F63}"
EndProject
Project("{8BC9CEB8-8B4A-11D0-8D11-00A0C91BC942}") = "fibonacci", "fibonacci\fibonacci.vcxproj", "{631C470D-A136-49E6-AF2D-928C0D7D82F5}"
EndProject
Project("{8BC9CEB8-8B4A-11D0-8D11-00A0C91BC942}") = "tests", "tests\tests.vcxproj", "{7B10D28A-BD9C-4FEC-9F17-974EB7D13853}"
EndProject
Global
	GlobalSection(SolutionConfigurationPlatforms) = preSolution
		Debug|x64 = Debug|x64
		Debug|x86 = Debug|x86
		Release|x64 = Release|x64
		Release|x86 = Release|x86
	EndGlobalSection
	GlobalSection(ProjectConfigurationPlatforms) = postSolution
		{E5CC9A66-F5B7-495C-BEB4-F3478D8CF43F}.Debug|x64.ActiveCfg = Debug|x64
		{E5CC9A66-F5B7-495C-BEB4-F3478D8CF43F}.Debug|x64.Build.0 = Debug|x64
		{E5CC9A66-F5B7-495C-BEB4-F3478D8CF43F}.Debug|x86.ActiveCfg = Debug|Win32
		{E5CC9A66-F5B7-495C-BEB4-F3478D8CF43F}.Debug|x86.Build.0 = Debug|Win32
		{E5CC9A66-F5B7-495C-BEB4-F3478D8CF43F}.Release|x64.ActiveCfg = Release|x64
		{E5CC9A66-F5B7-495C-BEB4-F3478D8CF43F}.Release|x64.Build.0 = Release|x64
		{E5CC9A66-F5B7-495C-BEB4-F3478D8CF43F}.Release|x86.ActiveCfg = Release|Win32
		{E5CC9A66-F5B7-495C-BEB4-F3478D8CF43F}.Release|x86.Build.0 = Release|Win32
		{444D34CC-8AD9-4F83-952D-30642DE0251D}.Debug|x64.ActiveCfg = Debug|x64
		{444D34CC-8AD9-4F83-952D-30642DE0251D}.Debug|x64.Build.0 = Debug|x64
		{444D34CC-8AD9-4F83-952D-30642DE0251D}.Debug|x86.ActiveCfg = Debug|Win32
		{444D34CC-8AD9-4F83-952D-30642DE0251D}.Debug|x86.Build.0 = Debug|Win32
		{444D34CC-8AD9-4F83-952D-30642DE0251D}.Release|x64.ActiveCfg = Release|x64
		{444D34CC-8AD9-4F83-952D-30642DE0251D}.Release|x64.Build.0 = Release|x64
		{444D34CC-8AD9-4F83-952D-30642DE0251D}.Release|x86.ActiveCfg = Release|Win32
		{444D34CC-8AD9-4F83-952D-30642DE0251D}.Release|x86.Build.0 = Release|Win32
		{9A63A982-F289-45A8-808E-803072883B0E}.Debug|x64.ActiveCfg = Debug|x64
		{9A63A982-F289-45A8-808E-803072883B0E}.Debug|x64.Build.0 = Debug|x64
		{9A63A982-F289-45A8-808E-803072883B0E}.Debug|x86.ActiveCfg = Debug|Win32
		{9A63A982-F289-45A8-808E-803072883B0E}.Debug|x86.Build.0 = Debug|Win32
		{9A63A982-F289-45A8-808E-803072883B0E}.Release|x64.ActiveCfg = Release|x64
		{9A63A982-F289-45A8-808E-803072883B0E}.Release|x64.Build.0 = Release|x64
		{9A63A982-F289-45A8-808E-803072883B0E}.Release|x86.ActiveCfg = Release|Win32
		{9A63A982-F289-45A8-808E-803072883B0E}.Release|x86.Build.0 = Release|Win32
		{23686B51-41DA-4A95-BF6E-EC8AD7310209}.Debug|x64.ActiveCfg = Debug|x64
		{23686B51-41DA-4A95-BF6E-EC8AD7310209}.Debug|x64.Build.0 = Debug|x64
		{23686B51-41DA-4A95-BF6E-EC8AD7310209}.Debug|x86.ActiveCfg = Debug|Win32
		{23686B51-41DA-4A95-BF6E-EC8AD7310209}.Debug|x86.Build.0 = Debug|Win32
		{23686B51-41DA-4A95-BF6E-EC8AD7310209}.Release|x64.ActiveCfg = Release|x64
		{23686B51-41DA-4A95-BF6E-EC8AD7310209}.Release|x64.Build.0 = Release|x64
		{23686B51-41DA-4A95-BF6E-EC8AD7310209}.Release|x86.ActiveCfg = Release|Win32
		{23686B51-41DA-4A95-BF6E-EC8AD7310209}.Release|x86.Build.0 = Release|Win32
		{9DA38BE3-63E9-47C4-AD42-8C015AEE4DDA}.Debug|x64.ActiveCfg = Debug|x64
		{9DA38BE3-63E9-47C4-AD42-8C015AEE4DDA}.Debug|x64.Build.0 = Debug|x64
		{9DA38BE3-63E9-47C4-AD42-8C015AEE4DDA}.Debug|x86.ActiveCfg = Debug|Win32
		{9DA38BE3-63E9-47C4-AD42-8C015AEE4DDA}.Debug|x86.Build.0 = Debug|Win32
		{9DA38BE3-63E9-47C4-AD42-8C015AEE4DDA}.Release|x64.ActiveCfg = Release|x64
		{9DA38BE3-63E9-47C4-AD42-8C015AEE4DDA}.Release|x64.Build.0 = Release|x64
		{9DA38BE3-63E9-47C4-AD42-8C015AEE4DDA}.Release|x86.ActiveCfg = Release|Win32
		{9DA38BE3-63E9-47C4-AD42-8C015AEE4DDA}.Release|x86.Build.0 = Release|Win32
		{6A90F3E0-0349-4D51-9DAC-546C0E4D87A9}.Debug|x64.ActiveCfg = Debug|x64
		{6A90F3E0-0349-4D51-9DAC-546C0E4D87A9}.Debug|x64.Build.0 = Debug|x64
		{6A90F3E0-0349-4D51-9DAC-546C0E4D87A9}.Debug|x86.ActiveCfg = Debug|Win32
		{6A90F3E0-0349-4D51-9DAC-546C0E4D87A9}.Debug|x86.Build.0 = Debug|Win32
		{6A90F3E0-0349-4D51-9DAC-546C0E4D87A9}.Release|x64.ActiveCfg = Release|x64
		{6A90F3E0-0349-4D51-9DAC-546C0E4D87A9}.Release|x64.Build.0 = Release|x64
		{6A90F3E0-0349-4D51-9DAC-546C0E4D87A9}.Release|x86.ActiveCfg = Release|Win32
		{6A90F3E0-0349-4D51-9DAC-546C0E4D87A9}.Release|x86.Build.0 = Release|Win32
		{61570B53-0BA4-488B-896C-FF564FEF6F63}.Debug|x64.ActiveCfg = Debug|x64
		{61570B53-0BA4-488B-896C-FF564FEF6F63}.Debug|x64.Build.0 = Debug|x64
		{61570B53-0BA4-488B-896C-FF564FEF6F63}.Debug|x86.ActiveCfg = Debug|Win32
		{61570B53-0BA4-488B-896C-FF564FEF6F63}.Debug|x86.Build.0 = Debug|Win32
		{61570B53-0BA4-488B-896C-FF564FEF6F63}.Release|x64.ActiveCfg = Release|x64
		{61570B53-0BA4-488B-896C-FF564FEF6F63}.Release|x64.Build.0 = Release|x64
		{61570B53-0BA4-488B-896C-FF564FEF6F63}.Release|x86.ActiveCfg = Release|Win32
		{61570B53-0BA4-488B-896C-FF564FEF6F63}.Release|x86.Build.0 = Release|Win32
		{631C470D-A136-49E6-AF2D-928C0D7D82F5}.Debug|x64.ActiveCfg = Debug|x64
		{631C470D-A136-49E6-AF2D-928C0D7D82F5}.Debug|x64.Build.0 = Debug|x64
		{631C470D-A136-49E6-AF2D-928C0D7D82F5}.Debug|x86.ActiveCfg = Debug|Win32
		{631C470D-A136-49E6-AF2D-928C0D7D82F5}.Debug|x86.Build.0 = Debug|Win32
		{631C470D-A136-49E6-AF2D-928C0D7D82F5}.Release|x64.ActiveCfg = Release|x64
		{631C470D-A136-49E6-AF2D-928C0D7D82F5}.Release|x64.Build.0 = Release|x64
		{631C470D-A136-49E6-AF2D-928C0D7D82F5}.Release|x86.ActiveCfg = Release|Win32
		{631C470D-A136-49E6-AF2D-928C0D7D82F5}.Release|x86.Build.0 = Release|Win32
		{7B10D28A-BD9C-4FEC-9F17-974EB7D13853}.Debug|x64.ActiveCfg = Debug|x64
		{7B10D28A-BD9C-4FEC-9F17-974EB7D13853}.Debug|x64.Build.0 = Debug|x64
		{7B10D28A-BD9C-4FEC-9F17-974EB7D13853}.Debug|x86.ActiveCfg = Debug|Win32
		{7B10D28A-BD9C-4FEC-9F17-974EB7D13853}.Debug|x86.Build.0 = Debug|Win32
		{7B10D28A-BD9C-4FEC-9F17-974EB7D13853}.Release|x64.ActiveCfg = Release|x64
		{7B10D28A-BD9C-4FEC-9F17-974EB7D13853}.Release|x64.Build.0 = Release|x64
		{7B10D28A-BD9C-4FEC-9F17-974EB7D13853}.Release|x86.ActiveCfg = Release|Win32
		{7B10D28A-BD9C-4FEC-9F17-974EB7D13853}.Release|x86.Build.0 = Release|Win32
	EndGlobalSection
	GlobalSection(SolutionProperties) = preSolution
		HideSolutionNode = FALSE
	EndGlobalSection
	GlobalSection(ExtensibilityGlobals) = postSolution
		SolutionGuid = {B28237D5-9782-4F5F-8815-44E7605572E1}
	EndGlobalSection
EndGlobal
