<?xml version="1.0" encoding="utf-8"?>
<Project ToolsVersion="4.0" xmlns="http://schemas.microsoft.com/developer/msbuild/2003">
  <ItemGroup>
    <ClCompile Include="pch.cpp" />
    <ClCompile Include="tcheckerboard.cc">
      <Filter>checkerboard\tests</Filter>
    </ClCompile>
    <ClCompile Include="tcoordinates.cc">
      <Filter>checkerboard\tests</Filter>
    </ClCompile>
    <ClCompile Include="tpiece.cc">
      <Filter>checkerboard\tests</Filter>
    </ClCompile>
    <ClCompile Include="tpiece_arranger.cc">
      <Filter>checkerboard\tests</Filter>
    </ClCompile>
    <ClCompile Include="tstring_convertor.cc">
      <Filter>checkerboard\tests</Filter>
    </ClCompile>
    <ClCompile Include="..\checkerboard\checkerboard.cc">
      <Filter>checkerboard\src</Filter>
    </ClCompile>
    <ClCompile Include="..\checkerboard\coordinates.cc">
      <Filter>checkerboard\src</Filter>
    </ClCompile>
    <ClCompile Include="..\checkerboard\piece.cc">
      <Filter>checkerboard\src</Filter>
    </ClCompile>
    <ClCompile Include="..\checkerboard\piece_arranger.cc">
      <Filter>checkerboard\src</Filter>
    </ClCompile>
    <ClCompile Include="..\checkerboard\string_convertor.cc">
      <Filter>checkerboard\src</Filter>
    </ClCompile>
    <ClCompile Include="..\envelopes\envelope.cc">
      <Filter>envelopes\src</Filter>
    </ClCompile>
    <ClCompile Include="..\envelopes\envelope_comparator.cc">
      <Filter>envelopes\src</Filter>
    </ClCompile>
    <ClCompile Include="tenvelope.cc">
      <Filter>envelopes\tests</Filter>
    </ClCompile>
    <ClCompile Include="tenvelope_comparator.cc">
      <Filter>envelopes\tests</Filter>
    </ClCompile>
    <ClCompile Include="..\numerical_sequence\generator.cc">
      <Filter>numerical_sequence\src</Filter>
    </ClCompile>
    <ClCompile Include="tgenerator.cpp">
      <Filter>numerical_sequence\tests</Filter>
    </ClCompile>
    <ClCompile Include="..\fibonacci\fibonacci_generator.cc">
      <Filter>fibonacci\src</Filter>
    </ClCompile>
    <ClCompile Include="tfibonacci.cpp">
      <Filter>fibonacci\tests</Filter>
    </ClCompile>
  </ItemGroup>
  <ItemGroup>
    <ClInclude Include="pch.h" />
  </ItemGroup>
  <ItemGroup>
    <Filter Include="checkerboard">
      <UniqueIdentifier>{29f5e755-575a-4764-ad31-9f82dd70ef80}</UniqueIdentifier>
    </Filter>
    <Filter Include="checkerboard\tests">
      <UniqueIdentifier>{b77dd557-0d59-4a31-a128-d6a744faf86b}</UniqueIdentifier>
    </Filter>
    <Filter Include="checkerboard\src">
      <UniqueIdentifier>{e25818a9-c034-4898-9b51-b54ef681c937}</UniqueIdentifier>
    </Filter>
    <Filter Include="envelopes">
      <UniqueIdentifier>{abc2528f-e134-47fc-8315-7027302cd891}</UniqueIdentifier>
    </Filter>
    <Filter Include="envelopes\src">
      <UniqueIdentifier>{2b128f87-b2c5-47eb-8a69-5c7fcebbb074}</UniqueIdentifier>
    </Filter>
    <Filter Include="envelopes\tests">
      <UniqueIdentifier>{1e3639c7-8e26-48c4-8b0b-a69b371564c5}</UniqueIdentifier>
    </Filter>
    <Filter Include="numerical_sequence">
      <UniqueIdentifier>{d521c33b-4a4c-4344-806c-891b0805cf61}</UniqueIdentifier>
    </Filter>
    <Filter Include="numerical_sequence\src">
      <UniqueIdentifier>{0e47cbbb-41b6-41d5-bf48-508e0705909c}</UniqueIdentifier>
    </Filter>
    <Filter Include="numerical_sequence\tests">
      <UniqueIdentifier>{7f9ac1e3-9f69-44d1-916f-a4540feef871}</UniqueIdentifier>
    </Filter>
    <Filter Include="fibonacci">
      <UniqueIdentifier>{1771ab75-4d2c-459f-b578-3b0ff1f9a942}</UniqueIdentifier>
    </Filter>
    <Filter Include="fibonacci\src">
      <UniqueIdentifier>{49d659f7-23a5-4d37-922e-d7abb143fc69}</UniqueIdentifier>
    </Filter>
    <Filter Include="fibonacci\tests">
      <UniqueIdentifier>{61ab7c5f-6056-42c9-95f5-b0d8c0afc4e1}</UniqueIdentifier>
    </Filter>
  </ItemGroup>
  <ItemGroup>
    <None Include="packages.config" />
  </ItemGroup>
</Project>